
Microsoft Visual Studio Solution File, Format Version 12.00
# Visual Studio Version 16
VisualStudioVersion = 16.0.30907.101
MinimumVisualStudioVersion = 10.0.40219.1
Project("{FAE04EC0-301F-11D3-BF4B-00C04F79EFBC}") = "PaymentAPI", "PaymentAPI\PaymentAPI.csproj", "{AD9BF906-3D7C-4A64-A7BE-3251E3529E52}"
EndProject
Global
	GlobalSection(SolutionConfigurationPlatforms) = preSolution
		Debug|Any CPU = Debug|Any CPU
		Release|Any CPU = Release|Any CPU
	EndGlobalSection
	GlobalSection(ProjectConfigurationPlatforms) = postSolution
		{AD9BF906-3D7C-4A64-A7BE-3251E3529E52}.Debug|Any CPU.ActiveCfg = Debug|Any CPU
		{AD9BF906-3D7C-4A64-A7BE-3251E3529E52}.Debug|Any CPU.Build.0 = Debug|Any CPU
		{AD9BF906-3D7C-4A64-A7BE-3251E3529E52}.Release|Any CPU.ActiveCfg = Release|Any CPU
		{AD9BF906-3D7C-4A64-A7BE-3251E3529E52}.Release|Any CPU.Build.0 = Release|Any CPU
	EndGlobalSection
	GlobalSection(SolutionProperties) = preSolution
		HideSolutionNode = FALSE
	EndGlobalSection
	GlobalSection(ExtensibilityGlobals) = postSolution
		SolutionGuid = {0193C2A2-A4D2-4FF9-9403-70A15B218A9C}
	EndGlobalSection
EndGlobal
